
Microsoft Visual Studio Solution File, Format Version 12.00
# Visual Studio Version 16
VisualStudioVersion = 16.0.30804.86
MinimumVisualStudioVersion = 10.0.40219.1
Project("{FAE04EC0-301F-11D3-BF4B-00C04F79EFBC}") = "Cviceni1", "Cviceni1\Cviceni1.csproj", "{9B454532-E531-45D3-9FE0-E83432E828A6}"
EndProject
Global
	GlobalSection(SolutionConfigurationPlatforms) = preSolution
		Debug|Any CPU = Debug|Any CPU
		Release|Any CPU = Release|Any CPU
	EndGlobalSection
	GlobalSection(ProjectConfigurationPlatforms) = postSolution
		{9B454532-E531-45D3-9FE0-E83432E828A6}.Debug|Any CPU.ActiveCfg = Debug|Any CPU
		{9B454532-E531-45D3-9FE0-E83432E828A6}.Debug|Any CPU.Build.0 = Debug|Any CPU
		{9B454532-E531-45D3-9FE0-E83432E828A6}.Release|Any CPU.ActiveCfg = Release|Any CPU
		{9B454532-E531-45D3-9FE0-E83432E828A6}.Release|Any CPU.Build.0 = Release|Any CPU
	EndGlobalSection
	GlobalSection(SolutionProperties) = preSolution
		HideSolutionNode = FALSE
	EndGlobalSection
	GlobalSection(ExtensibilityGlobals) = postSolution
		SolutionGuid = {AB70CAF5-57FA-48D4-AA40-230D7E54DAE7}
	EndGlobalSection
EndGlobal
