
Microsoft Visual Studio Solution File, Format Version 12.00
# Visual Studio Version 16
VisualStudioVersion = 16.0.31019.35
MinimumVisualStudioVersion = 10.0.40219.1
Project("{FAE04EC0-301F-11D3-BF4B-00C04F79EFBC}") = "Delegat", "Delegat\Delegat.csproj", "{B3F66E92-8688-444A-86E0-B875E449908B}"
EndProject
Global
	GlobalSection(SolutionConfigurationPlatforms) = preSolution
		Debug|Any CPU = Debug|Any CPU
		Release|Any CPU = Release|Any CPU
	EndGlobalSection
	GlobalSection(ProjectConfigurationPlatforms) = postSolution
		{B3F66E92-8688-444A-86E0-B875E449908B}.Debug|Any CPU.ActiveCfg = Debug|Any CPU
		{B3F66E92-8688-444A-86E0-B875E449908B}.Debug|Any CPU.Build.0 = Debug|Any CPU
		{B3F66E92-8688-444A-86E0-B875E449908B}.Release|Any CPU.ActiveCfg = Release|Any CPU
		{B3F66E92-8688-444A-86E0-B875E449908B}.Release|Any CPU.Build.0 = Release|Any CPU
	EndGlobalSection
	GlobalSection(SolutionProperties) = preSolution
		HideSolutionNode = FALSE
	EndGlobalSection
	GlobalSection(ExtensibilityGlobals) = postSolution
		SolutionGuid = {7C639BFA-2294-493F-94FC-092EB157A9AF}
	EndGlobalSection
EndGlobal
