
Microsoft Visual Studio Solution File, Format Version 12.00
# Visual Studio Version 16
VisualStudioVersion = 16.0.31019.35
MinimumVisualStudioVersion = 10.0.40219.1
Project("{FAE04EC0-301F-11D3-BF4B-00C04F79EFBC}") = "PsaciHra", "PsaciHra\PsaciHra.csproj", "{5FA25BEA-1633-4787-983F-B90C4DEE7257}"
EndProject
Global
	GlobalSection(SolutionConfigurationPlatforms) = preSolution
		Debug|Any CPU = Debug|Any CPU
		Release|Any CPU = Release|Any CPU
	EndGlobalSection
	GlobalSection(ProjectConfigurationPlatforms) = postSolution
		{5FA25BEA-1633-4787-983F-B90C4DEE7257}.Debug|Any CPU.ActiveCfg = Debug|Any CPU
		{5FA25BEA-1633-4787-983F-B90C4DEE7257}.Debug|Any CPU.Build.0 = Debug|Any CPU
		{5FA25BEA-1633-4787-983F-B90C4DEE7257}.Release|Any CPU.ActiveCfg = Release|Any CPU
		{5FA25BEA-1633-4787-983F-B90C4DEE7257}.Release|Any CPU.Build.0 = Release|Any CPU
	EndGlobalSection
	GlobalSection(SolutionProperties) = preSolution
		HideSolutionNode = FALSE
	EndGlobalSection
	GlobalSection(ExtensibilityGlobals) = postSolution
		SolutionGuid = {729A970F-27C3-4D68-9E1B-64A433A87F26}
	EndGlobalSection
EndGlobal
